<Solution>
  <Folder Name="/src/">
    <Project Path="src/Graphiti.Core/Graphiti.Core.csproj" />
  </Folder>
  <Folder Name="/samples/">
    <Project Path="samples/Graphiti.Eval/Graphiti.Eval.csproj" />
    <Project Path="samples/Graphiti.Sample.OpenAI/Graphiti.Sample.OpenAI.csproj" />
  </Folder>
  <Folder Name="/tests/">
    <Project Path="tests/Graphiti.Core.Tests/Graphiti.Core.Tests.csproj" />
  </Folder>
</Solution>
